<?xml version="1.0" encoding="utf-8"?>
<Project ToolsVersion="4.0" xmlns="http://schemas.microsoft.com/developer/msbuild/2003">
  <ItemGroup>
    <Filter Include="src">
      <UniqueIdentifier>{4FC737F1-C7A5-4376-A066-2A32D752A2FF}</UniqueIdentifier>
      <Extensions>cpp;c;cc;cxx;c++;cppm;ixx;def;odl;idl;hpj;bat;asm;asmx</Extensions>
    </Filter>
    <Filter Include="src\engine">
      <UniqueIdentifier>{c84cff0a-59e8-439f-9d34-222becdf7dbe}</UniqueIdentifier>
    </Filter>
    <Filter Include="src\user">
      <UniqueIdentifier>{ac3a9ea1-874d-4c83-bf0d-3781a960ac96}</UniqueIdentifier>
    </Filter>
    <Filter Include="src\engine\DirectX12">
      <UniqueIdentifier>{4dc47835-09dc-4c90-8c2b-97b0e58409e6}</UniqueIdentifier>
    </Filter>
    <Filter Include="imgui">
      <UniqueIdentifier>{8dc21eff-3c37-4119-a7aa-a07727421c2c}</UniqueIdentifier>
    </Filter>
    <Filter Include="src\engine\Common">
      <UniqueIdentifier>{a66f41a3-d42e-4a16-a425-39d39e8adf59}</UniqueIdentifier>
    </Filter>
    <Filter Include="magic_enum">
      <UniqueIdentifier>{d1bfd7f6-cf1e-46ca-93cb-22664d23c726}</UniqueIdentifier>
    </Filter>
    <Filter Include="dxcompiler">
      <UniqueIdentifier>{a8455d30-a8a2-4533-b4e7-d426564b0614}</UniqueIdentifier>
    </Filter>
    <Filter Include="src\engine\ForUser">
      <UniqueIdentifier>{d5941fa1-02c3-4396-8935-0181850814db}</UniqueIdentifier>
    </Filter>
    <Filter Include="src\engine\ForUser\Collision">
      <UniqueIdentifier>{226ed961-4357-402e-b741-74cace9cdbe6}</UniqueIdentifier>
    </Filter>
    <Filter Include="src\engine\ForUser\Object">
      <UniqueIdentifier>{63bc4656-e658-44ac-b8ed-c7a462ff2777}</UniqueIdentifier>
    </Filter>
    <Filter Include="src\engine\FrameWork">
      <UniqueIdentifier>{90d4922c-e31e-4dee-85e0-5aceeb1b6122}</UniqueIdentifier>
    </Filter>
    <Filter Include="src\engine\ForUser\PostEffect">
      <UniqueIdentifier>{1bb4082e-ad0a-447d-b3bd-a8f00378aba8}</UniqueIdentifier>
    </Filter>
    <Filter Include="src\engine\ForUser\DrawFunc">
      <UniqueIdentifier>{24e31f9a-3841-4dc4-8c6f-2b15cb19272d}</UniqueIdentifier>
    </Filter>
    <Filter Include="src\engine\ForUser\DrawFunc\2D">
      <UniqueIdentifier>{ca1d5c1d-9c33-475a-a207-5e66075379b1}</UniqueIdentifier>
    </Filter>
    <Filter Include="src\engine\ForUser\DrawFunc\3D">
      <UniqueIdentifier>{bddd62d1-87a7-45ad-8b69-4b236fb1e99e}</UniqueIdentifier>
    </Filter>
    <Filter Include="src\engine\ForUser\DrawFunc\BillBoard">
      <UniqueIdentifier>{fb5340b6-4544-4095-861b-872acfba3b96}</UniqueIdentifier>
    </Filter>
    <Filter Include="src\engine\Render">
      <UniqueIdentifier>{e46dec56-12ef-4ed4-b051-0270c6e7dea5}</UniqueIdentifier>
    </Filter>
    <Filter Include="src\engine\Render\RenderObject">
      <UniqueIdentifier>{11ddb2fc-a5de-4366-85ad-a8e3cd32d25f}</UniqueIdentifier>
    </Filter>
    <Filter Include="src\engine\Render\RenderObject\ModelInfo">
      <UniqueIdentifier>{ced67440-38b0-45dc-9875-27b908e6ea87}</UniqueIdentifier>
    </Filter>
    <Filter Include="リソースファイル">
      <UniqueIdentifier>{eef69f9a-36b8-40b7-967d-8def5a135e5b}</UniqueIdentifier>
    </Filter>
    <Filter Include="src\user\BattleManager">
      <UniqueIdentifier>{d858c912-94a4-431a-bb81-b0ffbeccdfea}</UniqueIdentifier>
    </Filter>
    <Filter Include="src\user\BattleManager\Enemy">
      <UniqueIdentifier>{b1ce7603-4e1e-4bc8-9453-afe4e30fe526}</UniqueIdentifier>
    </Filter>
    <Filter Include="src\user\BattleManager\CutIn">
      <UniqueIdentifier>{9b21ca62-0aa5-4415-a6c1-c680cc6f9a1e}</UniqueIdentifier>
    </Filter>
    <Filter Include="src\user\Block">
      <UniqueIdentifier>{972dbbbc-b097-47ac-8bb6-f439e9adb888}</UniqueIdentifier>
    </Filter>
    <Filter Include="src\user\BattleManager\Enemy_Act">
      <UniqueIdentifier>{1d754e82-6bb1-44c0-aa7d-2d4a8e73c8c5}</UniqueIdentifier>
    </Filter>
    <Filter Include="src\user\BattleManager\Enemy_Act\Attack">
      <UniqueIdentifier>{f82e91dc-a0af-4dcc-bb7f-60e0a58ea832}</UniqueIdentifier>
    </Filter>
    <Filter Include="src\user\BattleManager\Enemy_Act\Heal">
      <UniqueIdentifier>{79d6f14b-d508-47dc-b8a1-641a536c98fd}</UniqueIdentifier>
    </Filter>
    <Filter Include="src\user\BattleManager\Enemy_Act\Jamming">
      <UniqueIdentifier>{392e3e87-3d73-4220-9d61-d170438cc852}</UniqueIdentifier>
    </Filter>
    <Filter Include="src\user\BattleManager\Player">
      <UniqueIdentifier>{612bb0d7-64e3-433e-8943-ea5173c68d75}</UniqueIdentifier>
    </Filter>
    <Filter Include="src\user\BattleManager\Player_Act">
      <UniqueIdentifier>{16355d24-8d79-4f49-a3a8-c37b82a357df}</UniqueIdentifier>
    </Filter>
    <Filter Include="src\user\BattleManager\Player_Act\Skills">
      <UniqueIdentifier>{e3855d8c-83b1-48c2-b4f1-c77d33662582}</UniqueIdentifier>
    </Filter>
    <Filter Include="src\user\Panel">
      <UniqueIdentifier>{4b6c4ee8-e3cd-49a7-8db3-a4f7470ca1a1}</UniqueIdentifier>
    </Filter>
    <Filter Include="src\user\Stage">
      <UniqueIdentifier>{4c64b86b-a20c-452c-a5ef-bd30ec6003da}</UniqueIdentifier>
    </Filter>
    <Filter Include="src\user\BattleManager\Reticle">
      <UniqueIdentifier>{78297117-b96c-4d14-ab05-599212c19300}</UniqueIdentifier>
    </Filter>
    <Filter Include="src\user\Fade">
      <UniqueIdentifier>{d991640f-9722-4ddc-ae86-8a273bb1f8c7}</UniqueIdentifier>
    </Filter>
    <Filter Include="src\user\UI">
      <UniqueIdentifier>{f533c5ae-587c-4f77-8181-32cf25c7f2f5}</UniqueIdentifier>
    </Filter>
    <Filter Include="src\user\Title">
      <UniqueIdentifier>{3f96066e-f730-4cf2-86ef-53f692988448}</UniqueIdentifier>
    </Filter>
    <Filter Include="src\user\Effect">
      <UniqueIdentifier>{1e827a03-28a5-4aca-9503-c390bcc92899}</UniqueIdentifier>
    </Filter>
    <Filter Include="src\user\Effect\Particle">
      <UniqueIdentifier>{fe29ccad-8ba5-4e41-8b7e-35e59ecae967}</UniqueIdentifier>
    </Filter>
    <Filter Include="src\user\Scene">
      <UniqueIdentifier>{34a65443-b5c4-43aa-98ff-6a43958e39fc}</UniqueIdentifier>
    </Filter>
  </ItemGroup>
  <ItemGroup>
    <ClCompile Include="..\..\src\engine\KuroEngineDevice.cpp">
      <Filter>src\engine</Filter>
    </ClCompile>
    <ClCompile Include="..\..\lib\imgui\imgui.cpp">
      <Filter>imgui</Filter>
    </ClCompile>
    <ClCompile Include="..\..\lib\imgui\imgui_demo.cpp">
      <Filter>imgui</Filter>
    </ClCompile>
    <ClCompile Include="..\..\lib\imgui\imgui_draw.cpp">
      <Filter>imgui</Filter>
    </ClCompile>
    <ClCompile Include="..\..\lib\imgui\imgui_impl_dx12.cpp">
      <Filter>imgui</Filter>
    </ClCompile>
    <ClCompile Include="..\..\lib\imgui\imgui_impl_win32.cpp">
      <Filter>imgui</Filter>
    </ClCompile>
    <ClCompile Include="..\..\lib\imgui\imgui_tables.cpp">
      <Filter>imgui</Filter>
    </ClCompile>
    <ClCompile Include="..\..\lib\imgui\imgui_widgets.cpp">
      <Filter>imgui</Filter>
    </ClCompile>
    <ClCompile Include="..\..\src\engine\Common\Primitive.cpp">
      <Filter>src\engine\Common</Filter>
    </ClCompile>
    <ClCompile Include="..\..\src\engine\Common\Subject.cpp">
      <Filter>src\engine\Common</Filter>
    </ClCompile>
    <ClCompile Include="..\..\src\engine\Common\Transform.cpp">
      <Filter>src\engine\Common</Filter>
    </ClCompile>
    <ClCompile Include="..\..\src\engine\Common\Transform2D.cpp">
      <Filter>src\engine\Common</Filter>
    </ClCompile>
    <ClCompile Include="..\..\lib\imgui\imgui_spectrum.cpp">
      <Filter>imgui</Filter>
    </ClCompile>
    <ClCompile Include="..\..\src\engine\Common\PerlinNoise.cpp">
      <Filter>src\engine\Common</Filter>
    </ClCompile>
    <ClCompile Include="..\..\src\engine\DirectX12\D3D12App.cpp">
      <Filter>src\engine\DirectX12</Filter>
    </ClCompile>
    <ClCompile Include="..\..\src\engine\DirectX12\D3D12Data.cpp">
      <Filter>src\engine\DirectX12</Filter>
    </ClCompile>
    <ClCompile Include="..\..\src\engine\DirectX12\DescriptorHeap.cpp">
      <Filter>src\engine\DirectX12</Filter>
    </ClCompile>
    <ClCompile Include="..\..\src\engine\DirectX12\Swapchain.cpp">
      <Filter>src\engine\DirectX12</Filter>
    </ClCompile>
    <ClCompile Include="..\..\src\engine\FrameWork\AudioApp.cpp">
      <Filter>src\engine\FrameWork</Filter>
    </ClCompile>
    <ClCompile Include="..\..\src\engine\FrameWork\Fps.cpp">
      <Filter>src\engine\FrameWork</Filter>
    </ClCompile>
    <ClCompile Include="..\..\src\engine\FrameWork\ImguiApp.cpp">
      <Filter>src\engine\FrameWork</Filter>
    </ClCompile>
    <ClCompile Include="..\..\src\engine\FrameWork\Importer.cpp">
      <Filter>src\engine\FrameWork</Filter>
    </ClCompile>
    <ClCompile Include="..\..\src\engine\FrameWork\UsersInput.cpp">
      <Filter>src\engine\FrameWork</Filter>
    </ClCompile>
    <ClCompile Include="..\..\src\engine\FrameWork\WinApp.cpp">
      <Filter>src\engine\FrameWork</Filter>
    </ClCompile>
    <ClCompile Include="..\..\src\engine\ForUser\Collision\Collider.cpp">
      <Filter>src\engine\ForUser\Collision</Filter>
    </ClCompile>
    <ClCompile Include="..\..\src\engine\ForUser\Collision\Collision.cpp">
      <Filter>src\engine\ForUser\Collision</Filter>
    </ClCompile>
    <ClCompile Include="..\..\src\engine\ForUser\Collision\CollisionManager.cpp">
      <Filter>src\engine\ForUser\Collision</Filter>
    </ClCompile>
    <ClCompile Include="..\..\src\engine\ForUser\Object\Model.cpp">
      <Filter>src\engine\ForUser\Object</Filter>
    </ClCompile>
    <ClCompile Include="..\..\src\engine\ForUser\Object\Object.cpp">
      <Filter>src\engine\ForUser\Object</Filter>
    </ClCompile>
    <ClCompile Include="..\..\src\engine\ForUser\Object\Sprite.cpp">
      <Filter>src\engine\ForUser\Object</Filter>
    </ClCompile>
    <ClCompile Include="..\..\src\engine\ForUser\Object\Sprite_Shadow.cpp">
      <Filter>src\engine\ForUser\Object</Filter>
    </ClCompile>
    <ClCompile Include="..\..\src\engine\ForUser\PostEffect\CRTColorNoise.cpp">
      <Filter>src\engine\ForUser\PostEffect</Filter>
    </ClCompile>
    <ClCompile Include="..\..\src\engine\ForUser\PostEffect\GaussianBlur.cpp">
      <Filter>src\engine\ForUser\PostEffect</Filter>
    </ClCompile>
    <ClCompile Include="..\..\src\engine\ForUser\PostEffect\ScanLine.cpp">
      <Filter>src\engine\ForUser\PostEffect</Filter>
    </ClCompile>
    <ClCompile Include="..\..\src\engine\ForUser\PostEffect\Vignette.cpp">
      <Filter>src\engine\ForUser\PostEffect</Filter>
    </ClCompile>
    <ClCompile Include="..\..\src\engine\ForUser\DrawFunc\BillBoard\DrawFuncBillBoard.cpp">
      <Filter>src\engine\ForUser\DrawFunc\BillBoard</Filter>
    </ClCompile>
    <ClCompile Include="..\..\src\engine\ForUser\DrawFunc\3D\DrawFunc3D.cpp">
      <Filter>src\engine\ForUser\DrawFunc\3D</Filter>
    </ClCompile>
    <ClCompile Include="..\..\src\engine\ForUser\DrawFunc\2D\DrawFunc2D.cpp">
      <Filter>src\engine\ForUser\DrawFunc\2D</Filter>
    </ClCompile>
    <ClCompile Include="..\..\src\engine\ForUser\DrawFunc\2D\DrawFunc2D_Color.cpp">
      <Filter>src\engine\ForUser\DrawFunc\2D</Filter>
    </ClCompile>
    <ClCompile Include="..\..\src\engine\ForUser\DrawFunc\2D\DrawFunc2D_FillTex.cpp">
      <Filter>src\engine\ForUser\DrawFunc\2D</Filter>
    </ClCompile>
    <ClCompile Include="..\..\src\engine\ForUser\DrawFunc\2D\DrawFunc2D_Mask.cpp">
      <Filter>src\engine\ForUser\DrawFunc\2D</Filter>
    </ClCompile>
    <ClCompile Include="..\..\src\engine\ForUser\DrawFunc\2D\DrawFunc2D_Shadow.cpp">
      <Filter>src\engine\ForUser\DrawFunc\2D</Filter>
    </ClCompile>
    <ClCompile Include="..\..\src\engine\ForUser\DebugCamera.cpp">
      <Filter>src\engine\ForUser</Filter>
    </ClCompile>
    <ClCompile Include="..\..\src\engine\ForUser\Debugger.cpp">
      <Filter>src\engine\ForUser</Filter>
    </ClCompile>
    <ClCompile Include="..\..\src\engine\ForUser\HandShake.cpp">
      <Filter>src\engine\ForUser</Filter>
    </ClCompile>
    <ClCompile Include="..\..\src\engine\ForUser\ImguiDebugInterface.cpp">
      <Filter>src\engine\ForUser</Filter>
    </ClCompile>
    <ClCompile Include="..\..\src\engine\ForUser\ImpactShake.cpp">
      <Filter>src\engine\ForUser</Filter>
    </ClCompile>
    <ClCompile Include="..\..\src\engine\ForUser\MotionWork.cpp">
      <Filter>src\engine\ForUser</Filter>
    </ClCompile>
    <ClCompile Include="..\..\src\engine\Render\RenderObject\ModelInfo\Material.cpp">
      <Filter>src\engine\Render\RenderObject\ModelInfo</Filter>
    </ClCompile>
    <ClCompile Include="..\..\src\engine\Render\RenderObject\ModelInfo\ModelAnimator.cpp">
      <Filter>src\engine\Render\RenderObject\ModelInfo</Filter>
    </ClCompile>
    <ClCompile Include="..\..\src\engine\Render\RenderObject\ModelInfo\ModelMesh.cpp">
      <Filter>src\engine\Render\RenderObject\ModelInfo</Filter>
    </ClCompile>
    <ClCompile Include="..\..\src\engine\Render\RenderObject\ModelInfo\Skeleton.cpp">
      <Filter>src\engine\Render\RenderObject\ModelInfo</Filter>
    </ClCompile>
    <ClCompile Include="..\..\src\engine\Render\RenderObject\Camera.cpp">
      <Filter>src\engine\Render\RenderObject</Filter>
    </ClCompile>
    <ClCompile Include="..\..\src\engine\Render\RenderObject\Light.cpp">
      <Filter>src\engine\Render\RenderObject</Filter>
    </ClCompile>
    <ClCompile Include="..\..\src\engine\Render\RenderObject\LightManager.cpp">
      <Filter>src\engine\Render\RenderObject</Filter>
    </ClCompile>
    <ClCompile Include="..\..\src\engine\Render\RenderObject\SpriteMesh.cpp">
      <Filter>src\engine\Render\RenderObject</Filter>
    </ClCompile>
    <ClCompile Include="..\..\src\engine\Render\CubeMap.cpp">
      <Filter>src\engine\Render</Filter>
    </ClCompile>
    <ClCompile Include="..\..\src\engine\Render\GraphicsManager.cpp">
      <Filter>src\engine\Render</Filter>
    </ClCompile>
    <ClCompile Include="..\..\src\engine\Render\LightBloomDevice.cpp">
      <Filter>src\engine\Render</Filter>
    </ClCompile>
    <ClCompile Include="..\..\src\engine\Render\ShadowMapDevice.cpp">
      <Filter>src\engine\Render</Filter>
    </ClCompile>
    <ClCompile Include="..\..\src\engine\ForUser\PostEffect\RadialBlur.cpp">
      <Filter>src\engine\ForUser\PostEffect</Filter>
    </ClCompile>
    <ClCompile Include="..\..\src\engine\ForUser\RandBox2D.cpp">
      <Filter>src\engine\ForUser</Filter>
    </ClCompile>
    <ClCompile Include="..\..\src\engine\KuroEngine.cpp">
      <Filter>src\engine</Filter>
    </ClCompile>
    <ClCompile Include="..\..\src\engine\ForUser\JsonData.cpp">
      <Filter>src\engine\ForUser</Filter>
    </ClCompile>
    <ClCompile Include="..\..\src\engine\ForUser\PostEffect\DOF.cpp">
      <Filter>src\engine\ForUser\PostEffect</Filter>
    </ClCompile>
    <ClCompile Include="..\..\src\engine\ForUser\PostEffect\Fog.cpp">
      <Filter>src\engine\ForUser\PostEffect</Filter>
    </ClCompile>
    <ClCompile Include="..\..\src\engine\ForUser\PostEffect\Fog.cpp">
      <Filter>src\engine\ForUser\PostEffect</Filter>
    </ClCompile>
    <ClCompile Include="src\main.cpp">
      <Filter>src\user</Filter>
    </ClCompile>
    <ClCompile Include="src\OperationConfig.cpp">
      <Filter>src\user</Filter>
    </ClCompile>
    <ClCompile Include="src\BattleManager\Player_Act\Skills\Player_Attack_01.cpp">
      <Filter>src\user\BattleManager\Player_Act\Skills</Filter>
    </ClCompile>
    <ClCompile Include="src\BattleManager\Player_Act\Skills\Player_Attack_02.cpp">
      <Filter>src\user\BattleManager\Player_Act\Skills</Filter>
    </ClCompile>
    <ClCompile Include="src\BattleManager\Player_Act\Skills\Player_Bonus_Attack_01.cpp">
      <Filter>src\user\BattleManager\Player_Act\Skills</Filter>
    </ClCompile>
    <ClCompile Include="src\BattleManager\Player_Act\Skills\Player_Heal_01.cpp">
      <Filter>src\user\BattleManager\Player_Act\Skills</Filter>
    </ClCompile>
    <ClCompile Include="src\BattleManager\Player_Act\Skills\Player_Ultimate_01.cpp">
      <Filter>src\user\BattleManager\Player_Act\Skills</Filter>
    </ClCompile>
    <ClCompile Include="src\BattleManager\Player_Act\Skills\PlayerSkills.cpp">
      <Filter>src\user\BattleManager\Player_Act\Skills</Filter>
    </ClCompile>
    <ClCompile Include="src\BattleManager\BattleTurnMgr.cpp">
      <Filter>src\user\BattleManager</Filter>
    </ClCompile>
    <ClCompile Include="src\BattleManager\UnitBase.cpp">
      <Filter>src\user\BattleManager</Filter>
    </ClCompile>
    <ClCompile Include="src\BattleManager\Player\Player.cpp">
      <Filter>src\user\BattleManager\Player</Filter>
    </ClCompile>
    <ClCompile Include="src\BattleManager\Enemy_Act\E_Ac_Base.cpp">
      <Filter>src\user\BattleManager\Enemy_Act</Filter>
    </ClCompile>
    <ClCompile Include="src\BattleManager\Enemy_Act\EnemyActList.cpp">
      <Filter>src\user\BattleManager\Enemy_Act</Filter>
    </ClCompile>
    <ClCompile Include="src\BattleManager\Enemy_Act\Attack\Debug_Attack_01.cpp">
      <Filter>src\user\BattleManager\Enemy_Act\Attack</Filter>
    </ClCompile>
    <ClCompile Include="src\BattleManager\Enemy_Act\Attack\Debug_Attack_02.cpp">
      <Filter>src\user\BattleManager\Enemy_Act\Attack</Filter>
    </ClCompile>
    <ClCompile Include="src\BattleManager\Enemy_Act\Heal\Debug_Heal_01.cpp">
      <Filter>src\user\BattleManager\Enemy_Act\Heal</Filter>
    </ClCompile>
    <ClCompile Include="src\BattleManager\Enemy_Act\Jamming\Debug_Jamming_01.cpp">
      <Filter>src\user\BattleManager\Enemy_Act\Jamming</Filter>
    </ClCompile>
    <ClCompile Include="src\BattleManager\Enemy\Enemy.cpp">
      <Filter>src\user\BattleManager\Enemy</Filter>
    </ClCompile>
    <ClCompile Include="src\BattleManager\CutIn\CutInMgr.cpp">
      <Filter>src\user\BattleManager\CutIn</Filter>
    </ClCompile>
    <ClCompile Include="src\Block\Block.cpp">
      <Filter>src\user\Block</Filter>
    </ClCompile>
    <ClCompile Include="src\Block\BlockManager.cpp">
      <Filter>src\user\Block</Filter>
    </ClCompile>
    <ClCompile Include="src\Panel\PanelManager.cpp">
      <Filter>src\user\Panel</Filter>
    </ClCompile>
    <ClCompile Include="src\Scene\GameScene.cpp">
      <Filter>src\user\Scene</Filter>
    </ClCompile>
    <ClCompile Include="src\Scene\BattleScene.cpp">
      <Filter>src\user\Scene</Filter>
    </ClCompile>
    <ClCompile Include="src\Stage\StageList.cpp">
      <Filter>src\user\Stage</Filter>
    </ClCompile>
    <ClCompile Include="src\Scene\TitleScene.cpp">
      <Filter>src\user\Scene</Filter>
    </ClCompile>
    <ClCompile Include="src\BattleManager\Reticle\Reticle.cpp">
      <Filter>src\user\BattleManager\Reticle</Filter>
    </ClCompile>
    <ClCompile Include="src\Fade\Fade.cpp">
      <Filter>src\user\Fade</Filter>
    </ClCompile>
    <ClCompile Include="src\Titel\TitleVtuber.cpp">
      <Filter>src\user\Title</Filter>
    </ClCompile>
    <ClCompile Include="src\Titel\TitleUi.cpp">
      <Filter>src\user\Title</Filter>
    </ClCompile>
    <ClCompile Include="src\UI\SkillResultUI.cpp">
      <Filter>src\user\UI</Filter>
    </ClCompile>
    <ClCompile Include="src\Effect\ScreenShakeManager.cpp">
      <Filter>src\user\Effect</Filter>
    </ClCompile>
    <ClCompile Include="src\SoundConfig.cpp">
      <Filter>src\user</Filter>
    </ClCompile>
    <ClCompile Include="src\BattleManager\ExistUnits.cpp">
      <Filter>src\user\BattleManager</Filter>
    </ClCompile>
    <ClCompile Include="src\UI\PlayerDamageUi.cpp">
      <Filter>src\user\UI</Filter>
    </ClCompile>
    <ClCompile Include="src\Effect\ParticleManager.cpp">
      <Filter>src\user\Effect</Filter>
    </ClCompile>
    <ClCompile Include="src\Effect\SetPrismEffect.cpp">
      <Filter>src\user\Effect</Filter>
    </ClCompile>
    <ClCompile Include="src\Effect\Particle\BackPrismParticle.cpp">
      <Filter>src\user\Effect\Particle</Filter>
    </ClCompile>
    <ClCompile Include="src\Effect\Particle\HealParticle.cpp">
      <Filter>src\user\Effect\Particle</Filter>
    </ClCompile>
    <ClCompile Include="src\Effect\Particle\UltParticle.cpp">
      <Filter>src\user\Effect\Particle</Filter>
    </ClCompile>
    <ClCompile Include="src\Effect\BackGroundEffect.cpp">
      <Filter>src\user\UI</Filter>
    </ClCompile>
    <ClCompile Include="src\Effect\UltActivateEffect.cpp">
      <Filter>src\user\Effect</Filter>
    </ClCompile>
    <ClCompile Include="src\Effect\Particle\GoldPrismParticle.cpp">
      <Filter>src\user\Effect\Particle</Filter>
    </ClCompile>
  </ItemGroup>
  <ItemGroup>
    <ClInclude Include="..\..\src\engine\KuroEngineDevice.h">
      <Filter>src\engine</Filter>
    </ClInclude>
    <ClInclude Include="..\..\lib\imgui\imconfig.h">
      <Filter>imgui</Filter>
    </ClInclude>
    <ClInclude Include="..\..\lib\imgui\imgui.h">
      <Filter>imgui</Filter>
    </ClInclude>
    <ClInclude Include="..\..\lib\imgui\imgui_impl_dx12.h">
      <Filter>imgui</Filter>
    </ClInclude>
    <ClInclude Include="..\..\lib\imgui\imgui_impl_win32.h">
      <Filter>imgui</Filter>
    </ClInclude>
    <ClInclude Include="..\..\lib\imgui\imgui_internal.h">
      <Filter>imgui</Filter>
    </ClInclude>
    <ClInclude Include="..\..\lib\imgui\imstb_rectpack.h">
      <Filter>imgui</Filter>
    </ClInclude>
    <ClInclude Include="..\..\lib\imgui\imstb_textedit.h">
      <Filter>imgui</Filter>
    </ClInclude>
    <ClInclude Include="..\..\lib\imgui\imstb_truetype.h">
      <Filter>imgui</Filter>
    </ClInclude>
    <ClInclude Include="..\..\src\engine\Common\Angle.h">
      <Filter>src\engine\Common</Filter>
    </ClInclude>
    <ClInclude Include="..\..\src\engine\Common\Color.h">
      <Filter>src\engine\Common</Filter>
    </ClInclude>
    <ClInclude Include="..\..\src\engine\Common\Command.h">
      <Filter>src\engine\Common</Filter>
    </ClInclude>
    <ClInclude Include="..\..\src\engine\Common\Observer.h">
      <Filter>src\engine\Common</Filter>
    </ClInclude>
    <ClInclude Include="..\..\src\engine\Common\Primitive.h">
      <Filter>src\engine\Common</Filter>
    </ClInclude>
    <ClInclude Include="..\..\src\engine\Common\Singleton.h">
      <Filter>src\engine\Common</Filter>
    </ClInclude>
    <ClInclude Include="..\..\src\engine\Common\Subject.h">
      <Filter>src\engine\Common</Filter>
    </ClInclude>
    <ClInclude Include="..\..\src\engine\Common\Transform.h">
      <Filter>src\engine\Common</Filter>
    </ClInclude>
    <ClInclude Include="..\..\src\engine\Common\Transform2D.h">
      <Filter>src\engine\Common</Filter>
    </ClInclude>
    <ClInclude Include="..\..\src\engine\Common\Vec.h">
      <Filter>src\engine\Common</Filter>
    </ClInclude>
    <ClInclude Include="..\..\src\engine\Common\ValueMinMax.h">
      <Filter>src\engine\Common</Filter>
    </ClInclude>
    <ClInclude Include="..\..\lib\magic_enum\magic_enum.h">
      <Filter>magic_enum</Filter>
    </ClInclude>
    <ClInclude Include="..\..\lib\dxcompiler\inc\d3d12shader.h">
      <Filter>dxcompiler</Filter>
    </ClInclude>
    <ClInclude Include="..\..\lib\dxcompiler\inc\dxcapi.h">
      <Filter>dxcompiler</Filter>
    </ClInclude>
    <ClInclude Include="..\..\lib\imgui\imgui_spectrum.h">
      <Filter>imgui</Filter>
    </ClInclude>
    <ClInclude Include="..\..\src\engine\Common\PerlinNoise.h">
      <Filter>src\engine\Common</Filter>
    </ClInclude>
    <ClInclude Include="..\..\src\engine\Common\ImportHeader.h">
      <Filter>src\engine\Common</Filter>
    </ClInclude>
    <ClInclude Include="..\..\src\engine\DirectX12\D3D12App.h">
      <Filter>src\engine\DirectX12</Filter>
    </ClInclude>
    <ClInclude Include="..\..\src\engine\DirectX12\D3D12Data.h">
      <Filter>src\engine\DirectX12</Filter>
    </ClInclude>
    <ClInclude Include="..\..\src\engine\DirectX12\DescriptorHeap.h">
      <Filter>src\engine\DirectX12</Filter>
    </ClInclude>
    <ClInclude Include="..\..\src\engine\DirectX12\Swapchain.h">
      <Filter>src\engine\DirectX12</Filter>
    </ClInclude>
    <ClInclude Include="..\..\src\engine\FrameWork\AudioApp.h">
      <Filter>src\engine\FrameWork</Filter>
    </ClInclude>
    <ClInclude Include="..\..\src\engine\FrameWork\Fps.h">
      <Filter>src\engine\FrameWork</Filter>
    </ClInclude>
    <ClInclude Include="..\..\src\engine\FrameWork\ImguiApp.h">
      <Filter>src\engine\FrameWork</Filter>
    </ClInclude>
    <ClInclude Include="..\..\src\engine\FrameWork\Importer.h">
      <Filter>src\engine\FrameWork</Filter>
    </ClInclude>
    <ClInclude Include="..\..\src\engine\FrameWork\StreamReader.h">
      <Filter>src\engine\FrameWork</Filter>
    </ClInclude>
    <ClInclude Include="..\..\src\engine\FrameWork\UsersInput.h">
      <Filter>src\engine\FrameWork</Filter>
    </ClInclude>
    <ClInclude Include="..\..\src\engine\FrameWork\WinApp.h">
      <Filter>src\engine\FrameWork</Filter>
    </ClInclude>
    <ClInclude Include="..\..\src\engine\ForUser\Collision\Collider.h">
      <Filter>src\engine\ForUser\Collision</Filter>
    </ClInclude>
    <ClInclude Include="..\..\src\engine\ForUser\Collision\ColliderParentObject.h">
      <Filter>src\engine\ForUser\Collision</Filter>
    </ClInclude>
    <ClInclude Include="..\..\src\engine\ForUser\Collision\Collision.h">
      <Filter>src\engine\ForUser\Collision</Filter>
    </ClInclude>
    <ClInclude Include="..\..\src\engine\ForUser\Collision\CollisionCallBack.h">
      <Filter>src\engine\ForUser\Collision</Filter>
    </ClInclude>
    <ClInclude Include="..\..\src\engine\ForUser\Collision\CollisionManager.h">
      <Filter>src\engine\ForUser\Collision</Filter>
    </ClInclude>
    <ClInclude Include="..\..\src\engine\ForUser\Collision\CollisionResultInfo.h">
      <Filter>src\engine\ForUser\Collision</Filter>
    </ClInclude>
    <ClInclude Include="..\..\src\engine\ForUser\Object\Model.h">
      <Filter>src\engine\ForUser\Object</Filter>
    </ClInclude>
    <ClInclude Include="..\..\src\engine\ForUser\Object\Object.h">
      <Filter>src\engine\ForUser\Object</Filter>
    </ClInclude>
    <ClInclude Include="..\..\src\engine\ForUser\Object\Sprite.h">
      <Filter>src\engine\ForUser\Object</Filter>
    </ClInclude>
    <ClInclude Include="..\..\src\engine\ForUser\Object\Sprite_Shadow.h">
      <Filter>src\engine\ForUser\Object</Filter>
    </ClInclude>
    <ClInclude Include="..\..\src\engine\ForUser\PostEffect\CRTColorNoise.h">
      <Filter>src\engine\ForUser\PostEffect</Filter>
    </ClInclude>
    <ClInclude Include="..\..\src\engine\ForUser\PostEffect\GaussianBlur.h">
      <Filter>src\engine\ForUser\PostEffect</Filter>
    </ClInclude>
    <ClInclude Include="..\..\src\engine\ForUser\PostEffect\ScanLine.h">
      <Filter>src\engine\ForUser\PostEffect</Filter>
    </ClInclude>
    <ClInclude Include="..\..\src\engine\ForUser\PostEffect\Vignette.h">
      <Filter>src\engine\ForUser\PostEffect</Filter>
    </ClInclude>
    <ClInclude Include="..\..\src\engine\ForUser\DrawFunc\BillBoard\DrawFuncBillBoard.h">
      <Filter>src\engine\ForUser\DrawFunc\BillBoard</Filter>
    </ClInclude>
    <ClInclude Include="..\..\src\engine\ForUser\DrawFunc\3D\DrawFunc3D.h">
      <Filter>src\engine\ForUser\DrawFunc\3D</Filter>
    </ClInclude>
    <ClInclude Include="..\..\src\engine\ForUser\DrawFunc\2D\DrawFunc2D.h">
      <Filter>src\engine\ForUser\DrawFunc\2D</Filter>
    </ClInclude>
    <ClInclude Include="..\..\src\engine\ForUser\DrawFunc\2D\DrawFunc2D_Color.h">
      <Filter>src\engine\ForUser\DrawFunc\2D</Filter>
    </ClInclude>
    <ClInclude Include="..\..\src\engine\ForUser\DrawFunc\2D\DrawFunc2D_FillTex.h">
      <Filter>src\engine\ForUser\DrawFunc\2D</Filter>
    </ClInclude>
    <ClInclude Include="..\..\src\engine\ForUser\DrawFunc\2D\DrawFunc2D_Mask.h">
      <Filter>src\engine\ForUser\DrawFunc\2D</Filter>
    </ClInclude>
    <ClInclude Include="..\..\src\engine\ForUser\DrawFunc\2D\DrawFunc2D_Shadow.h">
      <Filter>src\engine\ForUser\DrawFunc\2D</Filter>
    </ClInclude>
    <ClInclude Include="..\..\src\engine\ForUser\DebugCamera.h">
      <Filter>src\engine\ForUser</Filter>
    </ClInclude>
    <ClInclude Include="..\..\src\engine\ForUser\Debugger.h">
      <Filter>src\engine\ForUser</Filter>
    </ClInclude>
    <ClInclude Include="..\..\src\engine\ForUser\HandShake.h">
      <Filter>src\engine\ForUser</Filter>
    </ClInclude>
    <ClInclude Include="..\..\src\engine\ForUser\ImguiDebugInterface.h">
      <Filter>src\engine\ForUser</Filter>
    </ClInclude>
    <ClInclude Include="..\..\src\engine\ForUser\ImpactShake.h">
      <Filter>src\engine\ForUser</Filter>
    </ClInclude>
    <ClInclude Include="..\..\src\engine\ForUser\MotionWork.h">
      <Filter>src\engine\ForUser</Filter>
    </ClInclude>
    <ClInclude Include="..\..\src\engine\ForUser\Timer.h">
      <Filter>src\engine\ForUser</Filter>
    </ClInclude>
    <ClInclude Include="..\..\src\engine\Render\RenderObject\ModelInfo\Material.h">
      <Filter>src\engine\Render\RenderObject\ModelInfo</Filter>
    </ClInclude>
    <ClInclude Include="..\..\src\engine\Render\RenderObject\ModelInfo\ModelAnimator.h">
      <Filter>src\engine\Render\RenderObject\ModelInfo</Filter>
    </ClInclude>
    <ClInclude Include="..\..\src\engine\Render\RenderObject\ModelInfo\ModelMesh.h">
      <Filter>src\engine\Render\RenderObject\ModelInfo</Filter>
    </ClInclude>
    <ClInclude Include="..\..\src\engine\Render\RenderObject\ModelInfo\Skeleton.h">
      <Filter>src\engine\Render\RenderObject\ModelInfo</Filter>
    </ClInclude>
    <ClInclude Include="..\..\src\engine\Render\RenderObject\Animation.h">
      <Filter>src\engine\Render\RenderObject</Filter>
    </ClInclude>
    <ClInclude Include="..\..\src\engine\Render\RenderObject\Camera.h">
      <Filter>src\engine\Render\RenderObject</Filter>
    </ClInclude>
    <ClInclude Include="..\..\src\engine\Render\RenderObject\Light.h">
      <Filter>src\engine\Render\RenderObject</Filter>
    </ClInclude>
    <ClInclude Include="..\..\src\engine\Render\RenderObject\LightManager.h">
      <Filter>src\engine\Render\RenderObject</Filter>
    </ClInclude>
    <ClInclude Include="..\..\src\engine\Render\RenderObject\Mesh.h">
      <Filter>src\engine\Render\RenderObject</Filter>
    </ClInclude>
    <ClInclude Include="..\..\src\engine\Render\RenderObject\SpriteMesh.h">
      <Filter>src\engine\Render\RenderObject</Filter>
    </ClInclude>
    <ClInclude Include="..\..\src\engine\Render\CubeMap.h">
      <Filter>src\engine\Render</Filter>
    </ClInclude>
    <ClInclude Include="..\..\src\engine\Render\GraphicsManager.h">
      <Filter>src\engine\Render</Filter>
    </ClInclude>
    <ClInclude Include="..\..\src\engine\Render\LightBloomDevice.h">
      <Filter>src\engine\Render</Filter>
    </ClInclude>
    <ClInclude Include="..\..\src\engine\Render\ShadowMapDevice.h">
      <Filter>src\engine\Render</Filter>
    </ClInclude>
    <ClInclude Include="..\..\src\engine\ForUser\PostEffect\RadialBlur.h">
      <Filter>src\engine\ForUser\PostEffect</Filter>
    </ClInclude>
    <ClInclude Include="..\..\src\engine\ForUser\RandBox2D.h">
      <Filter>src\engine\ForUser</Filter>
    </ClInclude>
    <ClInclude Include="..\..\src\engine\ForUser\TimeScale.h">
      <Filter>src\engine\ForUser</Filter>
    </ClInclude>
    <ClInclude Include="..\..\src\engine\KuroEngine.h">
      <Filter>src\engine</Filter>
    </ClInclude>
    <ClInclude Include="..\..\src\engine\ForUser\JsonData.h">
      <Filter>src\engine\ForUser</Filter>
    </ClInclude>
    <ClInclude Include="..\..\src\engine\ForUser\PostEffect\DOF.h">
      <Filter>src\engine\ForUser\PostEffect</Filter>
    </ClInclude>
    <ClInclude Include="..\..\src\engine\ForUser\PostEffect\Fog.h">
      <Filter>src\engine\ForUser\PostEffect</Filter>
    </ClInclude>
    <ClInclude Include="..\..\src\engine\ForUser\PostEffect\Fog.h">
      <Filter>src\engine\ForUser\PostEffect</Filter>
    </ClInclude>
    <ClInclude Include="..\..\src\engine\resource.h">
      <Filter>リソースファイル</Filter>
    </ClInclude>
    <ClInclude Include="src\OperationConfig.h">
      <Filter>src\user</Filter>
    </ClInclude>
    <ClInclude Include="src\BattleManager\Player_Act\Skills\Player_Attack_01.h">
      <Filter>src\user\BattleManager\Player_Act\Skills</Filter>
    </ClInclude>
    <ClInclude Include="src\BattleManager\Player_Act\Skills\Player_Attack_02.h">
      <Filter>src\user\BattleManager\Player_Act\Skills</Filter>
    </ClInclude>
    <ClInclude Include="src\BattleManager\Player_Act\Skills\Player_Bonus_Attack_01.h">
      <Filter>src\user\BattleManager\Player_Act\Skills</Filter>
    </ClInclude>
    <ClInclude Include="src\BattleManager\Player_Act\Skills\Player_Heal_01.h">
      <Filter>src\user\BattleManager\Player_Act\Skills</Filter>
    </ClInclude>
    <ClInclude Include="src\BattleManager\Player_Act\Skills\Player_Ultimate_01.h">
      <Filter>src\user\BattleManager\Player_Act\Skills</Filter>
    </ClInclude>
    <ClInclude Include="src\BattleManager\Player_Act\Skills\PlayerSkills.h">
      <Filter>src\user\BattleManager\Player_Act\Skills</Filter>
    </ClInclude>
    <ClInclude Include="src\BattleManager\Player_Act\P_Ac_Base.h">
      <Filter>src\user\BattleManager\Player_Act</Filter>
    </ClInclude>
    <ClInclude Include="src\BattleManager\BattleTurnMgr.h">
      <Filter>src\user\BattleManager</Filter>
    </ClInclude>
    <ClInclude Include="src\BattleManager\ExistUnits.h">
      <Filter>src\user\BattleManager</Filter>
    </ClInclude>
    <ClInclude Include="src\BattleManager\UnitBase.h">
      <Filter>src\user\BattleManager</Filter>
    </ClInclude>
    <ClInclude Include="src\BattleManager\Player\Player.h">
      <Filter>src\user\BattleManager\Player</Filter>
    </ClInclude>
    <ClInclude Include="src\BattleManager\Enemy_Act\E_Ac_Base.h">
      <Filter>src\user\BattleManager\Enemy_Act</Filter>
    </ClInclude>
    <ClInclude Include="src\BattleManager\Enemy_Act\EnemyActionParametor.h">
      <Filter>src\user\BattleManager\Enemy_Act</Filter>
    </ClInclude>
    <ClInclude Include="src\BattleManager\Enemy_Act\EnemyActList.h">
      <Filter>src\user\BattleManager\Enemy_Act</Filter>
    </ClInclude>
    <ClInclude Include="src\BattleManager\Enemy_Act\Attack\Debug_Attack_01.h">
      <Filter>src\user\BattleManager\Enemy_Act\Attack</Filter>
    </ClInclude>
    <ClInclude Include="src\BattleManager\Enemy_Act\Attack\Debug_Attack_02.h">
      <Filter>src\user\BattleManager\Enemy_Act\Attack</Filter>
    </ClInclude>
    <ClInclude Include="src\BattleManager\Enemy_Act\Heal\Debug_Heal_01.h">
      <Filter>src\user\BattleManager\Enemy_Act\Heal</Filter>
    </ClInclude>
    <ClInclude Include="src\BattleManager\Enemy_Act\Jamming\Debug_Jamming_01.h">
      <Filter>src\user\BattleManager\Enemy_Act\Jamming</Filter>
    </ClInclude>
    <ClInclude Include="src\BattleManager\Enemy\Enemy.h">
      <Filter>src\user\BattleManager\Enemy</Filter>
    </ClInclude>
    <ClInclude Include="src\BattleManager\Enemy\EnemysData.h">
      <Filter>src\user\BattleManager\Enemy</Filter>
    </ClInclude>
    <ClInclude Include="src\BattleManager\CutIn\CutInMgr.h">
      <Filter>src\user\BattleManager\CutIn</Filter>
    </ClInclude>
    <ClInclude Include="src\Block\Block.h">
      <Filter>src\user\Block</Filter>
    </ClInclude>
    <ClInclude Include="src\Block\BlockManager.h">
      <Filter>src\user\Block</Filter>
    </ClInclude>
    <ClInclude Include="src\Block\BaseInformation.h">
      <Filter>src\user\Block</Filter>
    </ClInclude>
    <ClInclude Include="src\Panel\PanelManager.h">
      <Filter>src\user\Panel</Filter>
    </ClInclude>
    <ClInclude Include="src\Scene\GameScene.h">
      <Filter>src\user\Scene</Filter>
    </ClInclude>
    <ClInclude Include="src\RefreshRate.h">
      <Filter>src\user</Filter>
    </ClInclude>
    <ClInclude Include="src\Stage\StageList.h">
      <Filter>src\user\Stage</Filter>
    </ClInclude>
    <ClInclude Include="src\Scene\TitleScene.h">
      <Filter>src\user\Scene</Filter>
    </ClInclude>
    <ClInclude Include="src\BattleManager\Reticle\Reticle.h">
      <Filter>src\user\BattleManager\Reticle</Filter>
    </ClInclude>
    <ClInclude Include="src\Fade\Fade.h">
      <Filter>src\user\Fade</Filter>
    </ClInclude>
    <ClInclude Include="src\Titel\TitleVtuber.h">
      <Filter>src\user\Title</Filter>
    </ClInclude>
    <ClInclude Include="src\Titel\TitleUi.h">
      <Filter>src\user\Title</Filter>
    </ClInclude>
    <ClInclude Include="src\UI\SkillResultUI.h">
      <Filter>src\user\UI</Filter>
    </ClInclude>
    <ClInclude Include="src\Effect\ScreenShakeManager.h">
      <Filter>src\user\Effect</Filter>
    </ClInclude>
    <ClInclude Include="src\SoundConfig.h">
      <Filter>src\user</Filter>
    </ClInclude>
    <ClInclude Include="src\Scene\BattleScene.h">
      <Filter>src\user\Scene</Filter>
    </ClInclude>
    <ClInclude Include="src\UI\PlayerDamageUi.h">
      <Filter>src\user\UI</Filter>
    </ClInclude>
    <ClInclude Include="src\Effect\ParticleBase.h">
      <Filter>src\user\Effect</Filter>
    </ClInclude>
    <ClInclude Include="src\Effect\ParticleManager.h">
      <Filter>src\user\Effect</Filter>
    </ClInclude>
    <ClInclude Include="src\Effect\SetPrismEffect.h">
      <Filter>src\user\Effect</Filter>
    </ClInclude>
    <ClInclude Include="src\Effect\Particle\BackPrismParticle.h">
      <Filter>src\user\Effect\Particle</Filter>
    </ClInclude>
    <ClInclude Include="src\Effect\Particle\HealParticle.h">
      <Filter>src\user\Effect\Particle</Filter>
    </ClInclude>
    <ClInclude Include="src\Effect\Particle\UltParticle.h">
      <Filter>src\user\Effect\Particle</Filter>
    </ClInclude>
    <ClInclude Include="src\Effect\BackGroundEffect.h">
      <Filter>src\user\UI</Filter>
    </ClInclude>
    <ClInclude Include="src\Effect\UltActivateEffect.h">
      <Filter>src\user\Effect</Filter>
    </ClInclude>
    <ClInclude Include="src\Effect\Particle\GoldPrismParticle.h">
      <Filter>src\user\Effect\Particle</Filter>
    </ClInclude>
  </ItemGroup>
  <ItemGroup>
    <Image Include="resource\user\tex\icon.ico">
      <Filter>リソースファイル</Filter>
    </Image>
  </ItemGroup>
  <ItemGroup>
    <ResourceCompile Include="Game.rc">
      <Filter>リソースファイル</Filter>
    </ResourceCompile>
  </ItemGroup>
</Project>